# This file is generated by running "yarn install" inside your project.
# Manual changes might be lost - proceed with caution!

__metadata:
  version: 5
  cacheKey: 8

"@accounts/rest-client@npm:0.30.0":
  version: 0.30.0
  resolution: "@accounts/rest-client@npm:0.30.0"
  dependencies:
    "@accounts/types": ^0.30.0
    lodash: ^4.17.15
    tslib: 2.0.0
  peerDependencies:
    "@accounts/client": ^0.19.0
  checksum: 5412a2477d0f8207cf1c31cdf71b1cec2f2ea01470c38c88c2927f0d4b5bef41d28e99601ad75b7ddfcc85201482fa960847616b53ac35a0c2e61aa8b1a9ef1c
  languageName: node
  linkType: hard

"@accounts/types@npm:^0.30.0":
  version: 0.30.0
  resolution: "@accounts/types@npm:0.30.0"
  dependencies:
    tslib: 2.0.0
  checksum: 5dd3e30148b1d6b4f5ae6c3dd1ec40ded5691d259fa63e8fae76f51d435deea08a84332256e45a0099a6ddf3a3427173f03ee130cdea8af3f4f83656e3ce173d
  languageName: node
  linkType: hard

"@esbuild/aix-ppc64@npm:0.20.2":
  version: 0.20.2
  resolution: "@esbuild/aix-ppc64@npm:0.20.2"
  conditions: os=aix & cpu=ppc64
  languageName: node
  linkType: hard

"@esbuild/aix-ppc64@npm:0.25.0":
  version: 0.25.0
  resolution: "@esbuild/aix-ppc64@npm:0.25.0"
  conditions: os=aix & cpu=ppc64
  languageName: node
  linkType: hard

"@esbuild/android-arm64@npm:0.20.2":
  version: 0.20.2
  resolution: "@esbuild/android-arm64@npm:0.20.2"
  conditions: os=android & cpu=arm64
  languageName: node
  linkType: hard

"@esbuild/android-arm64@npm:0.25.0":
  version: 0.25.0
  resolution: "@esbuild/android-arm64@npm:0.25.0"
  conditions: os=android & cpu=arm64
  languageName: node
  linkType: hard

"@esbuild/android-arm@npm:0.20.2":
  version: 0.20.2
  resolution: "@esbuild/android-arm@npm:0.20.2"
  conditions: os=android & cpu=arm
  languageName: node
  linkType: hard

"@esbuild/android-arm@npm:0.25.0":
  version: 0.25.0
  resolution: "@esbuild/android-arm@npm:0.25.0"
  conditions: os=android & cpu=arm
  languageName: node
  linkType: hard

"@esbuild/android-x64@npm:0.20.2":
  version: 0.20.2
  resolution: "@esbuild/android-x64@npm:0.20.2"
  conditions: os=android & cpu=x64
  languageName: node
  linkType: hard

"@esbuild/android-x64@npm:0.25.0":
  version: 0.25.0
  resolution: "@esbuild/android-x64@npm:0.25.0"
  conditions: os=android & cpu=x64
  languageName: node
  linkType: hard

"@esbuild/darwin-arm64@npm:0.20.2":
  version: 0.20.2
  resolution: "@esbuild/darwin-arm64@npm:0.20.2"
  conditions: os=darwin & cpu=arm64
  languageName: node
  linkType: hard

"@esbuild/darwin-arm64@npm:0.25.0":
  version: 0.25.0
  resolution: "@esbuild/darwin-arm64@npm:0.25.0"
  conditions: os=darwin & cpu=arm64
  languageName: node
  linkType: hard

"@esbuild/darwin-x64@npm:0.20.2":
  version: 0.20.2
  resolution: "@esbuild/darwin-x64@npm:0.20.2"
  conditions: os=darwin & cpu=x64
  languageName: node
  linkType: hard

"@esbuild/darwin-x64@npm:0.25.0":
  version: 0.25.0
  resolution: "@esbuild/darwin-x64@npm:0.25.0"
  conditions: os=darwin & cpu=x64
  languageName: node
  linkType: hard

"@esbuild/freebsd-arm64@npm:0.20.2":
  version: 0.20.2
  resolution: "@esbuild/freebsd-arm64@npm:0.20.2"
  conditions: os=freebsd & cpu=arm64
  languageName: node
  linkType: hard

"@esbuild/freebsd-arm64@npm:0.25.0":
  version: 0.25.0
  resolution: "@esbuild/freebsd-arm64@npm:0.25.0"
  conditions: os=freebsd & cpu=arm64
  languageName: node
  linkType: hard

"@esbuild/freebsd-x64@npm:0.20.2":
  version: 0.20.2
  resolution: "@esbuild/freebsd-x64@npm:0.20.2"
  conditions: os=freebsd & cpu=x64
  languageName: node
  linkType: hard

"@esbuild/freebsd-x64@npm:0.25.0":
  version: 0.25.0
  resolution: "@esbuild/freebsd-x64@npm:0.25.0"
  conditions: os=freebsd & cpu=x64
  languageName: node
  linkType: hard

"@esbuild/linux-arm64@npm:0.20.2":
  version: 0.20.2
  resolution: "@esbuild/linux-arm64@npm:0.20.2"
  conditions: os=linux & cpu=arm64
  languageName: node
  linkType: hard

"@esbuild/linux-arm64@npm:0.25.0":
  version: 0.25.0
  resolution: "@esbuild/linux-arm64@npm:0.25.0"
  conditions: os=linux & cpu=arm64
  languageName: node
  linkType: hard

"@esbuild/linux-arm@npm:0.20.2":
  version: 0.20.2
  resolution: "@esbuild/linux-arm@npm:0.20.2"
  conditions: os=linux & cpu=arm
  languageName: node
  linkType: hard

"@esbuild/linux-arm@npm:0.25.0":
  version: 0.25.0
  resolution: "@esbuild/linux-arm@npm:0.25.0"
  conditions: os=linux & cpu=arm
  languageName: node
  linkType: hard

"@esbuild/linux-ia32@npm:0.20.2":
  version: 0.20.2
  resolution: "@esbuild/linux-ia32@npm:0.20.2"
  conditions: os=linux & cpu=ia32
  languageName: node
  linkType: hard

"@esbuild/linux-ia32@npm:0.25.0":
  version: 0.25.0
  resolution: "@esbuild/linux-ia32@npm:0.25.0"
  conditions: os=linux & cpu=ia32
  languageName: node
  linkType: hard

"@esbuild/linux-loong64@npm:0.20.2":
  version: 0.20.2
  resolution: "@esbuild/linux-loong64@npm:0.20.2"
  conditions: os=linux & cpu=loong64
  languageName: node
  linkType: hard

"@esbuild/linux-loong64@npm:0.25.0":
  version: 0.25.0
  resolution: "@esbuild/linux-loong64@npm:0.25.0"
  conditions: os=linux & cpu=loong64
  languageName: node
  linkType: hard

"@esbuild/linux-mips64el@npm:0.20.2":
  version: 0.20.2
  resolution: "@esbuild/linux-mips64el@npm:0.20.2"
  conditions: os=linux & cpu=mips64el
  languageName: node
  linkType: hard

"@esbuild/linux-mips64el@npm:0.25.0":
  version: 0.25.0
  resolution: "@esbuild/linux-mips64el@npm:0.25.0"
  conditions: os=linux & cpu=mips64el
  languageName: node
  linkType: hard

"@esbuild/linux-ppc64@npm:0.20.2":
  version: 0.20.2
  resolution: "@esbuild/linux-ppc64@npm:0.20.2"
  conditions: os=linux & cpu=ppc64
  languageName: node
  linkType: hard

"@esbuild/linux-ppc64@npm:0.25.0":
  version: 0.25.0
  resolution: "@esbuild/linux-ppc64@npm:0.25.0"
  conditions: os=linux & cpu=ppc64
  languageName: node
  linkType: hard

"@esbuild/linux-riscv64@npm:0.20.2":
  version: 0.20.2
  resolution: "@esbuild/linux-riscv64@npm:0.20.2"
  conditions: os=linux & cpu=riscv64
  languageName: node
  linkType: hard

"@esbuild/linux-riscv64@npm:0.25.0":
  version: 0.25.0
  resolution: "@esbuild/linux-riscv64@npm:0.25.0"
  conditions: os=linux & cpu=riscv64
  languageName: node
  linkType: hard

"@esbuild/linux-s390x@npm:0.20.2":
  version: 0.20.2
  resolution: "@esbuild/linux-s390x@npm:0.20.2"
  conditions: os=linux & cpu=s390x
  languageName: node
  linkType: hard

"@esbuild/linux-s390x@npm:0.25.0":
  version: 0.25.0
  resolution: "@esbuild/linux-s390x@npm:0.25.0"
  conditions: os=linux & cpu=s390x
  languageName: node
  linkType: hard

"@esbuild/linux-x64@npm:0.20.2":
  version: 0.20.2
  resolution: "@esbuild/linux-x64@npm:0.20.2"
  conditions: os=linux & cpu=x64
  languageName: node
  linkType: hard

"@esbuild/linux-x64@npm:0.25.0":
  version: 0.25.0
  resolution: "@esbuild/linux-x64@npm:0.25.0"
  conditions: os=linux & cpu=x64
  languageName: node
  linkType: hard

"@esbuild/netbsd-arm64@npm:0.25.0":
  version: 0.25.0
  resolution: "@esbuild/netbsd-arm64@npm:0.25.0"
  conditions: os=netbsd & cpu=arm64
  languageName: node
  linkType: hard

"@esbuild/netbsd-x64@npm:0.20.2":
  version: 0.20.2
  resolution: "@esbuild/netbsd-x64@npm:0.20.2"
  conditions: os=netbsd & cpu=x64
  languageName: node
  linkType: hard

"@esbuild/netbsd-x64@npm:0.25.0":
  version: 0.25.0
  resolution: "@esbuild/netbsd-x64@npm:0.25.0"
  conditions: os=netbsd & cpu=x64
  languageName: node
  linkType: hard

"@esbuild/openbsd-arm64@npm:0.25.0":
  version: 0.25.0
  resolution: "@esbuild/openbsd-arm64@npm:0.25.0"
  conditions: os=openbsd & cpu=arm64
  languageName: node
  linkType: hard

"@esbuild/openbsd-x64@npm:0.20.2":
  version: 0.20.2
  resolution: "@esbuild/openbsd-x64@npm:0.20.2"
  conditions: os=openbsd & cpu=x64
  languageName: node
  linkType: hard

"@esbuild/openbsd-x64@npm:0.25.0":
  version: 0.25.0
  resolution: "@esbuild/openbsd-x64@npm:0.25.0"
  conditions: os=openbsd & cpu=x64
  languageName: node
  linkType: hard

"@esbuild/sunos-x64@npm:0.20.2":
  version: 0.20.2
  resolution: "@esbuild/sunos-x64@npm:0.20.2"
  conditions: os=sunos & cpu=x64
  languageName: node
  linkType: hard

"@esbuild/sunos-x64@npm:0.25.0":
  version: 0.25.0
  resolution: "@esbuild/sunos-x64@npm:0.25.0"
  conditions: os=sunos & cpu=x64
  languageName: node
  linkType: hard

"@esbuild/win32-arm64@npm:0.20.2":
  version: 0.20.2
  resolution: "@esbuild/win32-arm64@npm:0.20.2"
  conditions: os=win32 & cpu=arm64
  languageName: node
  linkType: hard

"@esbuild/win32-arm64@npm:0.25.0":
  version: 0.25.0
  resolution: "@esbuild/win32-arm64@npm:0.25.0"
  conditions: os=win32 & cpu=arm64
  languageName: node
  linkType: hard

"@esbuild/win32-ia32@npm:0.20.2":
  version: 0.20.2
  resolution: "@esbuild/win32-ia32@npm:0.20.2"
  conditions: os=win32 & cpu=ia32
  languageName: node
  linkType: hard

"@esbuild/win32-ia32@npm:0.25.0":
  version: 0.25.0
  resolution: "@esbuild/win32-ia32@npm:0.25.0"
  conditions: os=win32 & cpu=ia32
  languageName: node
  linkType: hard

"@esbuild/win32-x64@npm:0.20.2":
  version: 0.20.2
  resolution: "@esbuild/win32-x64@npm:0.20.2"
  conditions: os=win32 & cpu=x64
  languageName: node
  linkType: hard

"@esbuild/win32-x64@npm:0.25.0":
  version: 0.25.0
  resolution: "@esbuild/win32-x64@npm:0.25.0"
  conditions: os=win32 & cpu=x64
  languageName: node
  linkType: hard

"@types/node@npm:^18.15.10":
  version: 18.19.32
  resolution: "@types/node@npm:18.19.32"
  dependencies:
    undici-types: ~5.26.4
  checksum: c86f84b1d642afd9932f3df9356039c54a6365907d181a9bef5acd34f1de985ec0ef4a57b5c7ae0db6fda3a96225d88fe77cc4f0fcf517fc5b84ddfd380fb703
  languageName: node
  linkType: hard

"accepts@npm:^1.3.5":
  version: 1.3.8
  resolution: "accepts@npm:1.3.8"
  dependencies:
    mime-types: ~2.1.34
    negotiator: 0.6.3
  checksum: 50c43d32e7b50285ebe84b613ee4a3aa426715a7d131b65b786e2ead0fd76b6b60091b9916d3478a75f11f162628a2139991b6c03ab3f1d9ab7c86075dc8eab4
  languageName: node
  linkType: hard

"balanced-match@npm:^1.0.0":
  version: 1.0.2
  resolution: "balanced-match@npm:1.0.2"
  checksum: 9706c088a283058a8a99e0bf91b0a2f75497f185980d9ffa8b304de1d9e58ebda7c72c07ebf01dadedaac5b2907b2c6f566f660d62bd336c3468e960403b9d65
  languageName: node
  linkType: hard

"brace-expansion@npm:^2.0.1":
  version: 2.0.1
  resolution: "brace-expansion@npm:2.0.1"
  dependencies:
    balanced-match: ^1.0.0
  checksum: a61e7cd2e8a8505e9f0036b3b6108ba5e926b4b55089eeb5550cd04a471fe216c96d4fe7e4c7f995c728c554ae20ddfc4244cad10aef255e72b62930afd233d1
  languageName: node
  linkType: hard

"cache-content-type@npm:^1.0.0":
  version: 1.0.1
  resolution: "cache-content-type@npm:1.0.1"
  dependencies:
    mime-types: ^2.1.18
    ylru: ^1.2.0
  checksum: 18db4d59452669ccbfd7146a1510a37eb28e9eccf18ca7a4eb603dff2edc5cccdca7498fc3042a2978f76f11151fba486eb9eb69d9afa3fb124957870aef4fd3
  languageName: node
  linkType: hard

"co@npm:^4.6.0":
  version: 4.6.0
  resolution: "co@npm:4.6.0"
  checksum: 5210d9223010eb95b29df06a91116f2cf7c8e0748a9013ed853b53f362ea0e822f1e5bb054fb3cefc645239a4cf966af1f6133a3b43f40d591f3b68ed6cf0510
  languageName: node
  linkType: hard

"content-disposition@npm:~0.5.2":
  version: 0.5.4
  resolution: "content-disposition@npm:0.5.4"
  dependencies:
    safe-buffer: 5.2.1
  checksum: afb9d545e296a5171d7574fcad634b2fdf698875f4006a9dd04a3e1333880c5c0c98d47b560d01216fb6505a54a2ba6a843ee3a02ec86d7e911e8315255f56c3
  languageName: node
  linkType: hard

"content-type@npm:^1.0.4":
  version: 1.0.5
  resolution: "content-type@npm:1.0.5"
  checksum: 566271e0a251642254cde0f845f9dd4f9856e52d988f4eb0d0dcffbb7a1f8ec98de7a5215fc628f3bce30fe2fb6fd2bc064b562d721658c59b544e2d34ea2766
  languageName: node
  linkType: hard

"cookies@npm:~0.8.0":
  version: 0.8.0
  resolution: "cookies@npm:0.8.0"
  dependencies:
    depd: ~2.0.0
    keygrip: ~1.1.0
  checksum: 806055a44f128705265b1bc6a853058da18bf80dea3654ad99be20985b1fa1b14f86c1eef73644aab8071241f8a78acd57202b54c4c5c70769fc694fbb9c4edc
  languageName: node
  linkType: hard

"debug@npm:^4.3.2":
  version: 4.3.4
  resolution: "debug@npm:4.3.4"
  dependencies:
    ms: 2.1.2
  peerDependenciesMeta:
    supports-color:
      optional: true
  checksum: 3dbad3f94ea64f34431a9cbf0bafb61853eda57bff2880036153438f50fb5a84f27683ba0d8e5426bf41a8c6ff03879488120cf5b3a761e77953169c0600a708
  languageName: node
  linkType: hard

"deep-equal@npm:~1.0.1":
  version: 1.0.1
  resolution: "deep-equal@npm:1.0.1"
  checksum: 5af8cbfcebf190491878a498caccc7dc9592f8ebd1685b976eacc3825619d222b5e929923163b92c4f414494e2b884f7ebf00c022e8198e8292deb70dd9785f4
  languageName: node
  linkType: hard

"delegates@npm:^1.0.0":
  version: 1.0.0
  resolution: "delegates@npm:1.0.0"
  checksum: a51744d9b53c164ba9c0492471a1a2ffa0b6727451bdc89e31627fdf4adda9d51277cfcbfb20f0a6f08ccb3c436f341df3e92631a3440226d93a8971724771fd
  languageName: node
  linkType: hard

"depd@npm:^2.0.0, depd@npm:~2.0.0":
  version: 2.0.0
  resolution: "depd@npm:2.0.0"
  checksum: abbe19c768c97ee2eed6282d8ce3031126662252c58d711f646921c9623f9052e3e1906443066beec1095832f534e57c523b7333f8e7e0d93051ab6baef5ab3a
  languageName: node
  linkType: hard

"depd@npm:~1.1.2":
  version: 1.1.2
  resolution: "depd@npm:1.1.2"
  checksum: 6b406620d269619852885ce15965272b829df6f409724415e0002c8632ab6a8c0a08ec1f0bd2add05dc7bd7507606f7e2cc034fa24224ab829580040b835ecd9
  languageName: node
  linkType: hard

"destroy@npm:^1.0.4":
  version: 1.2.0
  resolution: "destroy@npm:1.2.0"
  checksum: 0acb300b7478a08b92d810ab229d5afe0d2f4399272045ab22affa0d99dbaf12637659411530a6fcd597a9bdac718fc94373a61a95b4651bbc7b83684a565e38
  languageName: node
  linkType: hard

"ee-first@npm:1.1.1":
  version: 1.1.1
  resolution: "ee-first@npm:1.1.1"
  checksum: 1b4cac778d64ce3b582a7e26b218afe07e207a0f9bfe13cc7395a6d307849cfe361e65033c3251e00c27dd060cab43014c2d6b2647676135e18b77d2d05b3f4f
  languageName: node
  linkType: hard

"encodeurl@npm:^1.0.2":
  version: 1.0.2
  resolution: "encodeurl@npm:1.0.2"
  checksum: e50e3d508cdd9c4565ba72d2012e65038e5d71bdc9198cb125beb6237b5b1ade6c0d343998da9e170fb2eae52c1bed37d4d6d98a46ea423a0cddbed5ac3f780c
  languageName: node
  linkType: hard

"esbuild-node-externals@workspace:esbuild-node-externals":
  version: 0.0.0-use.local
  resolution: "esbuild-node-externals@workspace:esbuild-node-externals"
  dependencies:
    "@types/node": ^18.15.10
    esbuild: ^0.25.0
    find-up: ^5.0.0
    rimraf: ^4.4.1
    tslib: ^2.4.1
    typescript: ^4.9.4
  peerDependencies:
    esbuild: 0.12 - 0.25
  languageName: unknown
  linkType: soft

"esbuild@npm:^0.20.0":
  version: 0.20.2
  resolution: "esbuild@npm:0.20.2"
  dependencies:
    "@esbuild/aix-ppc64": 0.20.2
    "@esbuild/android-arm": 0.20.2
    "@esbuild/android-arm64": 0.20.2
    "@esbuild/android-x64": 0.20.2
    "@esbuild/darwin-arm64": 0.20.2
    "@esbuild/darwin-x64": 0.20.2
    "@esbuild/freebsd-arm64": 0.20.2
    "@esbuild/freebsd-x64": 0.20.2
    "@esbuild/linux-arm": 0.20.2
    "@esbuild/linux-arm64": 0.20.2
    "@esbuild/linux-ia32": 0.20.2
    "@esbuild/linux-loong64": 0.20.2
    "@esbuild/linux-mips64el": 0.20.2
    "@esbuild/linux-ppc64": 0.20.2
    "@esbuild/linux-riscv64": 0.20.2
    "@esbuild/linux-s390x": 0.20.2
    "@esbuild/linux-x64": 0.20.2
    "@esbuild/netbsd-x64": 0.20.2
    "@esbuild/openbsd-x64": 0.20.2
    "@esbuild/sunos-x64": 0.20.2
    "@esbuild/win32-arm64": 0.20.2
    "@esbuild/win32-ia32": 0.20.2
    "@esbuild/win32-x64": 0.20.2
  dependenciesMeta:
    "@esbuild/aix-ppc64":
      optional: true
    "@esbuild/android-arm":
      optional: true
    "@esbuild/android-arm64":
      optional: true
    "@esbuild/android-x64":
      optional: true
    "@esbuild/darwin-arm64":
      optional: true
    "@esbuild/darwin-x64":
      optional: true
    "@esbuild/freebsd-arm64":
      optional: true
    "@esbuild/freebsd-x64":
      optional: true
    "@esbuild/linux-arm":
      optional: true
    "@esbuild/linux-arm64":
      optional: true
    "@esbuild/linux-ia32":
      optional: true
    "@esbuild/linux-loong64":
      optional: true
    "@esbuild/linux-mips64el":
      optional: true
    "@esbuild/linux-ppc64":
      optional: true
    "@esbuild/linux-riscv64":
      optional: true
    "@esbuild/linux-s390x":
      optional: true
    "@esbuild/linux-x64":
      optional: true
    "@esbuild/netbsd-x64":
      optional: true
    "@esbuild/openbsd-x64":
      optional: true
    "@esbuild/sunos-x64":
      optional: true
    "@esbuild/win32-arm64":
      optional: true
    "@esbuild/win32-ia32":
      optional: true
    "@esbuild/win32-x64":
      optional: true
  bin:
    esbuild: bin/esbuild
  checksum: bc88050fc1ca5c1bd03648f9979e514bdefb956a63aa3974373bb7b9cbac0b3aac9b9da1b5bdca0b3490e39d6b451c72815dbd6b7d7f978c91fbe9c9e9aa4e4c
  languageName: node
  linkType: hard

"esbuild@npm:^0.25.0":
  version: 0.25.0
  resolution: "esbuild@npm:0.25.0"
  dependencies:
    "@esbuild/aix-ppc64": 0.25.0
    "@esbuild/android-arm": 0.25.0
    "@esbuild/android-arm64": 0.25.0
    "@esbuild/android-x64": 0.25.0
    "@esbuild/darwin-arm64": 0.25.0
    "@esbuild/darwin-x64": 0.25.0
    "@esbuild/freebsd-arm64": 0.25.0
    "@esbuild/freebsd-x64": 0.25.0
    "@esbuild/linux-arm": 0.25.0
    "@esbuild/linux-arm64": 0.25.0
    "@esbuild/linux-ia32": 0.25.0
    "@esbuild/linux-loong64": 0.25.0
    "@esbuild/linux-mips64el": 0.25.0
    "@esbuild/linux-ppc64": 0.25.0
    "@esbuild/linux-riscv64": 0.25.0
    "@esbuild/linux-s390x": 0.25.0
    "@esbuild/linux-x64": 0.25.0
    "@esbuild/netbsd-arm64": 0.25.0
    "@esbuild/netbsd-x64": 0.25.0
    "@esbuild/openbsd-arm64": 0.25.0
    "@esbuild/openbsd-x64": 0.25.0
    "@esbuild/sunos-x64": 0.25.0
    "@esbuild/win32-arm64": 0.25.0
    "@esbuild/win32-ia32": 0.25.0
    "@esbuild/win32-x64": 0.25.0
  dependenciesMeta:
    "@esbuild/aix-ppc64":
      optional: true
    "@esbuild/android-arm":
      optional: true
    "@esbuild/android-arm64":
      optional: true
    "@esbuild/android-x64":
      optional: true
    "@esbuild/darwin-arm64":
      optional: true
    "@esbuild/darwin-x64":
      optional: true
    "@esbuild/freebsd-arm64":
      optional: true
    "@esbuild/freebsd-x64":
      optional: true
    "@esbuild/linux-arm":
      optional: true
    "@esbuild/linux-arm64":
      optional: true
    "@esbuild/linux-ia32":
      optional: true
    "@esbuild/linux-loong64":
      optional: true
    "@esbuild/linux-mips64el":
      optional: true
    "@esbuild/linux-ppc64":
      optional: true
    "@esbuild/linux-riscv64":
      optional: true
    "@esbuild/linux-s390x":
      optional: true
    "@esbuild/linux-x64":
      optional: true
    "@esbuild/netbsd-arm64":
      optional: true
    "@esbuild/netbsd-x64":
      optional: true
    "@esbuild/openbsd-arm64":
      optional: true
    "@esbuild/openbsd-x64":
      optional: true
    "@esbuild/sunos-x64":
      optional: true
    "@esbuild/win32-arm64":
      optional: true
    "@esbuild/win32-ia32":
      optional: true
    "@esbuild/win32-x64":
      optional: true
  bin:
    esbuild: bin/esbuild
  checksum: 4d1e0cb7c059a373ea3edb20ca5efcea29efada03e4ea82b2b8ab1f2f062e4791e9744213308775d26e07a0225a7d8250da93da5c8e07ef61bb93d58caab8cf9
  languageName: node
  linkType: hard

"escape-html@npm:^1.0.3":
  version: 1.0.3
  resolution: "escape-html@npm:1.0.3"
  checksum: 6213ca9ae00d0ab8bccb6d8d4e0a98e76237b2410302cf7df70aaa6591d509a2a37ce8998008cbecae8fc8ffaadf3fb0229535e6a145f3ce0b211d060decbb24
  languageName: node
  linkType: hard

"example-basic@workspace:examples/basic":
  version: 0.0.0-use.local
  resolution: "example-basic@workspace:examples/basic"
  dependencies:
    "@accounts/rest-client": 0.30.0
    esbuild: ^0.20.0
    esbuild-node-externals: "workspace:esbuild-node-externals"
    koa: 2.13.4
  languageName: unknown
  linkType: soft

"find-up@npm:^5.0.0":
  version: 5.0.0
  resolution: "find-up@npm:5.0.0"
  dependencies:
    locate-path: ^6.0.0
    path-exists: ^4.0.0
  checksum: 07955e357348f34660bde7920783204ff5a26ac2cafcaa28bace494027158a97b9f56faaf2d89a6106211a8174db650dd9f503f9c0d526b1202d5554a00b9095
  languageName: node
  linkType: hard

"fresh@npm:~0.5.2":
  version: 0.5.2
  resolution: "fresh@npm:0.5.2"
  checksum: 13ea8b08f91e669a64e3ba3a20eb79d7ca5379a81f1ff7f4310d54e2320645503cc0c78daedc93dfb6191287295f6479544a649c64d8e41a1c0fb0c221552346
  languageName: node
  linkType: hard

"fs.realpath@npm:^1.0.0":
  version: 1.0.0
  resolution: "fs.realpath@npm:1.0.0"
  checksum: 99ddea01a7e75aa276c250a04eedeffe5662bce66c65c07164ad6264f9de18fb21be9433ead460e54cff20e31721c811f4fb5d70591799df5f85dce6d6746fd0
  languageName: node
  linkType: hard

"glob@npm:^9.2.0":
  version: 9.3.5
  resolution: "glob@npm:9.3.5"
  dependencies:
    fs.realpath: ^1.0.0
    minimatch: ^8.0.2
    minipass: ^4.2.4
    path-scurry: ^1.6.1
  checksum: 94b093adbc591bc36b582f77927d1fb0dbf3ccc231828512b017601408be98d1fe798fc8c0b19c6f2d1a7660339c3502ce698de475e9d938ccbb69b47b647c84
  languageName: node
  linkType: hard

"has-symbols@npm:^1.0.3":
  version: 1.0.3
  resolution: "has-symbols@npm:1.0.3"
  checksum: a054c40c631c0d5741a8285010a0777ea0c068f99ed43e5d6eb12972da223f8af553a455132fdb0801bdcfa0e0f443c0c03a68d8555aa529b3144b446c3f2410
  languageName: node
  linkType: hard

"has-tostringtag@npm:^1.0.0":
  version: 1.0.2
  resolution: "has-tostringtag@npm:1.0.2"
  dependencies:
    has-symbols: ^1.0.3
  checksum: 999d60bb753ad714356b2c6c87b7fb74f32463b8426e159397da4bde5bca7e598ab1073f4d8d4deafac297f2eb311484cd177af242776bf05f0d11565680468d
  languageName: node
  linkType: hard

"http-assert@npm:^1.3.0":
  version: 1.5.0
  resolution: "http-assert@npm:1.5.0"
  dependencies:
    deep-equal: ~1.0.1
    http-errors: ~1.8.0
  checksum: 69c9b3c14cf8b2822916360a365089ce936c883c49068f91c365eccba5c141a9964d19fdda589150a480013bf503bf37d8936c732e9635819339e730ab0e7527
  languageName: node
  linkType: hard

"http-errors@npm:^1.6.3, http-errors@npm:~1.8.0":
  version: 1.8.1
  resolution: "http-errors@npm:1.8.1"
  dependencies:
    depd: ~1.1.2
    inherits: 2.0.4
    setprototypeof: 1.2.0
    statuses: ">= 1.5.0 < 2"
    toidentifier: 1.0.1
  checksum: d3c7e7e776fd51c0a812baff570bdf06fe49a5dc448b700ab6171b1250e4cf7db8b8f4c0b133e4bfe2451022a5790c1ca6c2cae4094dedd6ac8304a1267f91d2
  languageName: node
  linkType: hard

"inherits@npm:2.0.4":
  version: 2.0.4
  resolution: "inherits@npm:2.0.4"
  checksum: 4a48a733847879d6cf6691860a6b1e3f0f4754176e4d71494c41f3475553768b10f84b5ce1d40fbd0e34e6bfbb864ee35858ad4dd2cf31e02fc4a154b724d7f1
  languageName: node
  linkType: hard

"is-generator-function@npm:^1.0.7":
  version: 1.0.10
  resolution: "is-generator-function@npm:1.0.10"
  dependencies:
    has-tostringtag: ^1.0.0
  checksum: d54644e7dbaccef15ceb1e5d91d680eb5068c9ee9f9eb0a9e04173eb5542c9b51b5ab52c5537f5703e48d5fddfd376817c1ca07a84a407b7115b769d4bdde72b
  languageName: node
  linkType: hard

"keygrip@npm:~1.1.0":
  version: 1.1.0
  resolution: "keygrip@npm:1.1.0"
  dependencies:
    tsscmp: 1.0.6
  checksum: 078cd16a463d187121f0a27c1c9c95c52ad392b620f823431689f345a0501132cee60f6e96914b07d570105af470b96960402accd6c48a0b1f3cd8fac4fa2cae
  languageName: node
  linkType: hard

"koa-compose@npm:^4.1.0":
  version: 4.1.0
  resolution: "koa-compose@npm:4.1.0"
  checksum: 46cb16792d96425e977c2ae4e5cb04930280740e907242ec9c25e3fb8b4a1d7b54451d7432bc24f40ec62255edea71894d2ceeb8238501842b4e48014f2e83db
  languageName: node
  linkType: hard

"koa-convert@npm:^2.0.0":
  version: 2.0.0
  resolution: "koa-convert@npm:2.0.0"
  dependencies:
    co: ^4.6.0
    koa-compose: ^4.1.0
  checksum: 7385b3391995f59c1312142e110d5dff677f9850dbfbcf387cd36a7b0af03b5d26e82b811eb9bb008b4f3e661cdab1f8817596e46b1929da2cf6e97a2f7456ed
  languageName: node
  linkType: hard

"koa@npm:2.13.4":
  version: 2.13.4
  resolution: "koa@npm:2.13.4"
  dependencies:
    accepts: ^1.3.5
    cache-content-type: ^1.0.0
    content-disposition: ~0.5.2
    content-type: ^1.0.4
    cookies: ~0.8.0
    debug: ^4.3.2
    delegates: ^1.0.0
    depd: ^2.0.0
    destroy: ^1.0.4
    encodeurl: ^1.0.2
    escape-html: ^1.0.3
    fresh: ~0.5.2
    http-assert: ^1.3.0
    http-errors: ^1.6.3
    is-generator-function: ^1.0.7
    koa-compose: ^4.1.0
    koa-convert: ^2.0.0
    on-finished: ^2.3.0
    only: ~0.0.2
    parseurl: ^1.3.2
    statuses: ^1.5.0
    type-is: ^1.6.16
    vary: ^1.1.2
  checksum: c9a6f9c803433b2d143a0788308048c1432a71c5febcfea2af7f2e8bd732b9bfd75c2c220d553752ee9ab9a3f52490f006cfd521db97cd01d8461d67cc1ccc1f
  languageName: node
  linkType: hard

"locate-path@npm:^6.0.0":
  version: 6.0.0
  resolution: "locate-path@npm:6.0.0"
  dependencies:
    p-locate: ^5.0.0
  checksum: 72eb661788a0368c099a184c59d2fee760b3831c9c1c33955e8a19ae4a21b4116e53fa736dc086cdeb9fce9f7cc508f2f92d2d3aae516f133e16a2bb59a39f5a
  languageName: node
  linkType: hard

"lodash@npm:^4.17.15":
  version: 4.17.21
  resolution: "lodash@npm:4.17.21"
  checksum: eb835a2e51d381e561e508ce932ea50a8e5a68f4ebdd771ea240d3048244a8d13658acbd502cd4829768c56f2e16bdd4340b9ea141297d472517b83868e677f7
  languageName: node
  linkType: hard

"lru-cache@npm:^10.2.0":
  version: 10.2.2
  resolution: "lru-cache@npm:10.2.2"
  checksum: 98e8fc93691c546f719a76103ef2bee5a3ac823955c755a47641ec41f8c7fafa1baeaba466937cc1cbfa9cfd47e03536d10e2db3158a64ad91ff3a58a32c893e
  languageName: node
  linkType: hard

"media-typer@npm:0.3.0":
  version: 0.3.0
  resolution: "media-typer@npm:0.3.0"
  checksum: af1b38516c28ec95d6b0826f6c8f276c58aec391f76be42aa07646b4e39d317723e869700933ca6995b056db4b09a78c92d5440dc23657e6764be5d28874bba1
  languageName: node
  linkType: hard

"mime-db@npm:1.52.0":
  version: 1.52.0
  resolution: "mime-db@npm:1.52.0"
  checksum: 0d99a03585f8b39d68182803b12ac601d9c01abfa28ec56204fa330bc9f3d1c5e14beb049bafadb3dbdf646dfb94b87e24d4ec7b31b7279ef906a8ea9b6a513f
  languageName: node
  linkType: hard

"mime-types@npm:^2.1.18, mime-types@npm:~2.1.24, mime-types@npm:~2.1.34":
  version: 2.1.35
  resolution: "mime-types@npm:2.1.35"
  dependencies:
    mime-db: 1.52.0
  checksum: 89a5b7f1def9f3af5dad6496c5ed50191ae4331cc5389d7c521c8ad28d5fdad2d06fd81baf38fed813dc4e46bb55c8145bb0ff406330818c9cf712fb2e9b3836
  languageName: node
  linkType: hard

"minimatch@npm:^8.0.2":
  version: 8.0.4
  resolution: "minimatch@npm:8.0.4"
  dependencies:
    brace-expansion: ^2.0.1
  checksum: 2e46cffb86bacbc524ad45a6426f338920c529dd13f3a732cc2cf7618988ee1aae88df4ca28983285aca9e0f45222019ac2d14ebd17c1edadd2ee12221ab801a
  languageName: node
  linkType: hard

"minipass@npm:^4.2.4":
  version: 4.2.8
  resolution: "minipass@npm:4.2.8"
  checksum: 7f4914d5295a9a30807cae5227a37a926e6d910c03f315930fde52332cf0575dfbc20295318f91f0baf0e6bb11a6f668e30cde8027dea7a11b9d159867a3c830
  languageName: node
  linkType: hard

"minipass@npm:^5.0.0 || ^6.0.2 || ^7.0.0":
  version: 7.1.0
  resolution: "minipass@npm:7.1.0"
  checksum: c057d4b1d7fdb35b8f4b9d8f627b1f6832c441cd7dff9304ee5efef68abb3b460309bf97b1b0ce5b960e259caa53c724f609d058e4dc12d547e2a074aaae2cd6
  languageName: node
  linkType: hard

"ms@npm:2.1.2":
  version: 2.1.2
  resolution: "ms@npm:2.1.2"
  checksum: 673cdb2c3133eb050c745908d8ce632ed2c02d85640e2edb3ace856a2266a813b30c613569bf3354fdf4ea7d1a1494add3bfa95e2713baa27d0c2c71fc44f58f
  languageName: node
  linkType: hard

"negotiator@npm:0.6.3":
  version: 0.6.3
  resolution: "negotiator@npm:0.6.3"
  checksum: b8ffeb1e262eff7968fc90a2b6767b04cfd9842582a9d0ece0af7049537266e7b2506dfb1d107a32f06dd849ab2aea834d5830f7f4d0e5cb7d36e1ae55d021d9
  languageName: node
  linkType: hard

"on-finished@npm:^2.3.0":
  version: 2.4.1
  resolution: "on-finished@npm:2.4.1"
  dependencies:
    ee-first: 1.1.1
  checksum: d20929a25e7f0bb62f937a425b5edeb4e4cde0540d77ba146ec9357f00b0d497cdb3b9b05b9c8e46222407d1548d08166bff69cc56dfa55ba0e4469228920ff0
  languageName: node
  linkType: hard

"only@npm:~0.0.2":
  version: 0.0.2
  resolution: "only@npm:0.0.2"
  checksum: d399710db867a1ef436dd3ce74499c87ece794aa81ab0370b5d153968766ee4aed2f98d3f92fc87c963e45b7a74d400d6f463ef651a5e7cfb861b15e88e9efe6
  languageName: node
  linkType: hard

"p-limit@npm:^3.0.2":
  version: 3.1.0
  resolution: "p-limit@npm:3.1.0"
  dependencies:
    yocto-queue: ^0.1.0
  checksum: 7c3690c4dbf62ef625671e20b7bdf1cbc9534e83352a2780f165b0d3ceba21907e77ad63401708145ca4e25bfc51636588d89a8c0aeb715e6c37d1c066430360
  languageName: node
  linkType: hard

"p-locate@npm:^5.0.0":
  version: 5.0.0
  resolution: "p-locate@npm:5.0.0"
  dependencies:
    p-limit: ^3.0.2
  checksum: 1623088f36cf1cbca58e9b61c4e62bf0c60a07af5ae1ca99a720837356b5b6c5ba3eb1b2127e47a06865fee59dd0453cad7cc844cda9d5a62ac1a5a51b7c86d3
  languageName: node
  linkType: hard

"parseurl@npm:^1.3.2":
  version: 1.3.3
  resolution: "parseurl@npm:1.3.3"
  checksum: 407cee8e0a3a4c5cd472559bca8b6a45b82c124e9a4703302326e9ab60fc1081442ada4e02628efef1eb16197ddc7f8822f5a91fd7d7c86b51f530aedb17dfa2
  languageName: node
  linkType: hard

"path-exists@npm:^4.0.0":
  version: 4.0.0
  resolution: "path-exists@npm:4.0.0"
  checksum: 505807199dfb7c50737b057dd8d351b82c033029ab94cb10a657609e00c1bc53b951cfdbccab8de04c5584d5eff31128ce6afd3db79281874a5ef2adbba55ed1
  languageName: node
  linkType: hard

"path-scurry@npm:^1.6.1":
  version: 1.10.2
  resolution: "path-scurry@npm:1.10.2"
  dependencies:
    lru-cache: ^10.2.0
    minipass: ^5.0.0 || ^6.0.2 || ^7.0.0
  checksum: 6739b4290f7d1a949c61c758b481c07ac7d1a841964c68cf5e1fa153d7e18cbde4872b37aadf9c5173c800d627f219c47945859159de36c977dd82419997b9b8
  languageName: node
  linkType: hard

"prettier@npm:2.4.1":
  version: 2.4.1
  resolution: "prettier@npm:2.4.1"
  bin:
    prettier: bin-prettier.js
  checksum: cc6830588b401b0d742862fe9c46bc9118204fb307c3abe0e49e95b35ed23629573807ffdf9cdd65289c252a0bb51fc0171437f6626ee36378dea80f0ee80b91
  languageName: node
  linkType: hard

"rimraf@npm:^4.4.1":
  version: 4.4.1
  resolution: "rimraf@npm:4.4.1"
  dependencies:
    glob: ^9.2.0
  bin:
    rimraf: dist/cjs/src/bin.js
  checksum: b786adc02651e2e24bbedb04bbdea80652fc9612632931ff2d9f898c5e4708fe30956186597373c568bd5230a4dc2fadfc816ccacba8a1daded3a006a6b74f1a
  languageName: node
  linkType: hard

"root-workspace-0b6124@workspace:.":
  version: 0.0.0-use.local
  resolution: "root-workspace-0b6124@workspace:."
  dependencies:
    prettier: 2.4.1
  languageName: unknown
  linkType: soft

"safe-buffer@npm:5.2.1":
  version: 5.2.1
  resolution: "safe-buffer@npm:5.2.1"
  checksum: b99c4b41fdd67a6aaf280fcd05e9ffb0813654894223afb78a31f14a19ad220bba8aba1cb14eddce1fcfb037155fe6de4e861784eb434f7d11ed58d1e70dd491
  languageName: node
  linkType: hard

"setprototypeof@npm:1.2.0":
  version: 1.2.0
  resolution: "setprototypeof@npm:1.2.0"
  checksum: be18cbbf70e7d8097c97f713a2e76edf84e87299b40d085c6bf8b65314e994cc15e2e317727342fa6996e38e1f52c59720b53fe621e2eb593a6847bf0356db89
  languageName: node
  linkType: hard

"statuses@npm:>= 1.5.0 < 2, statuses@npm:^1.5.0":
  version: 1.5.0
  resolution: "statuses@npm:1.5.0"
  checksum: c469b9519de16a4bb19600205cffb39ee471a5f17b82589757ca7bd40a8d92ebb6ed9f98b5a540c5d302ccbc78f15dc03cc0280dd6e00df1335568a5d5758a5c
  languageName: node
  linkType: hard

"toidentifier@npm:1.0.1":
  version: 1.0.1
  resolution: "toidentifier@npm:1.0.1"
  checksum: 952c29e2a85d7123239b5cfdd889a0dde47ab0497f0913d70588f19c53f7e0b5327c95f4651e413c74b785147f9637b17410ac8c846d5d4a20a5a33eb6dc3a45
  languageName: node
  linkType: hard

"tslib@npm:2.0.0":
  version: 2.0.0
  resolution: "tslib@npm:2.0.0"
  checksum: 7515fd4e5c2cb768056a76f0311559eefcc0f1887d686069aa3a45b78cf33d14c0b7cf89323fad0e819b55de8c2ac0b74e8c29309e6bb8d89a364a4dfb54653e
  languageName: node
  linkType: hard

"tslib@npm:^2.4.1":
  version: 2.6.2
  resolution: "tslib@npm:2.6.2"
  checksum: 329ea56123005922f39642318e3d1f0f8265d1e7fcb92c633e0809521da75eeaca28d2cf96d7248229deb40e5c19adf408259f4b9640afd20d13aecc1430f3ad
  languageName: node
  linkType: hard

"tsscmp@npm:1.0.6":
  version: 1.0.6
  resolution: "tsscmp@npm:1.0.6"
  checksum: 1512384def36bccc9125cabbd4c3b0e68608d7ee08127ceaa0b84a71797263f1a01c7f82fa69be8a3bd3c1396e2965d2f7b52d581d3a5eeaf3967fbc52e3b3bf
  languageName: node
  linkType: hard

"type-is@npm:^1.6.16":
  version: 1.6.18
  resolution: "type-is@npm:1.6.18"
  dependencies:
    media-typer: 0.3.0
    mime-types: ~2.1.24
  checksum: 2c8e47675d55f8b4e404bcf529abdf5036c537a04c2b20177bcf78c9e3c1da69da3942b1346e6edb09e823228c0ee656ef0e033765ec39a70d496ef601a0c657
  languageName: node
  linkType: hard

"typescript@npm:^4.9.4":
  version: 4.9.5
  resolution: "typescript@npm:4.9.5"
  bin:
    tsc: bin/tsc
    tsserver: bin/tsserver
  checksum: ee000bc26848147ad423b581bd250075662a354d84f0e06eb76d3b892328d8d4440b7487b5a83e851b12b255f55d71835b008a66cbf8f255a11e4400159237db
  languageName: node
  linkType: hard

"typescript@patch:typescript@^4.9.4#~builtin<compat/typescript>":
  version: 4.9.5
  resolution: "typescript@patch:typescript@npm%3A4.9.5#~builtin<compat/typescript>::version=4.9.5&hash=ddd1e8"
  bin:
    tsc: bin/tsc
    tsserver: bin/tsserver
  checksum: 2eee5c37cad4390385db5db5a8e81470e42e8f1401b0358d7390095d6f681b410f2c4a0c496c6ff9ebd775423c7785cdace7bcdad76c7bee283df3d9718c0f20
  languageName: node
  linkType: hard

"undici-types@npm:~5.26.4":
  version: 5.26.5
  resolution: "undici-types@npm:5.26.5"
  checksum: 3192ef6f3fd5df652f2dc1cd782b49d6ff14dc98e5dced492aa8a8c65425227da5da6aafe22523c67f035a272c599bb89cfe803c1db6311e44bed3042fc25487
  languageName: node
  linkType: hard

"vary@npm:^1.1.2":
  version: 1.1.2
  resolution: "vary@npm:1.1.2"
  checksum: ae0123222c6df65b437669d63dfa8c36cee20a504101b2fcd97b8bf76f91259c17f9f2b4d70a1e3c6bbcee7f51b28392833adb6b2770b23b01abec84e369660b
  languageName: node
  linkType: hard

"ylru@npm:^1.2.0":
  version: 1.4.0
  resolution: "ylru@npm:1.4.0"
  checksum: e0bf797476487e3d57a6e8790cbb749cff2089e2afc87e46bc84ce7605c329d578ff422c8e8c2ddf167681ddd218af0f58e099733ae1044cba9e9472ebedc01d
  languageName: node
  linkType: hard

"yocto-queue@npm:^0.1.0":
  version: 0.1.0
  resolution: "yocto-queue@npm:0.1.0"
  checksum: f77b3d8d00310def622123df93d4ee654fc6a0096182af8bd60679ddcdfb3474c56c6c7190817c84a2785648cdee9d721c0154eb45698c62176c322fb46fc700
  languageName: node
  linkType: hard
