# This file is generated by running "yarn install" inside your project.
# Manual changes might be lost - proceed with caution!

__metadata:
  version: 4
  cacheKey: 7

"@accounts/rest-client@npm:0.30.0":
  version: 0.30.0
  resolution: "@accounts/rest-client@npm:0.30.0"
  dependencies:
    "@accounts/types": ^0.30.0
    lodash: ^4.17.15
    tslib: 2.0.0
  peerDependencies:
    "@accounts/client": ^0.19.0
  checksum: fd331370c6dcedb9e90cedddc61bcfc1cb471d0065c15f12b4cf45c5bae4cc877ddd9d7314dde15420c2888f586c21f94a5eb94e415a9291269472044107ee9b
  languageName: node
  linkType: hard

"@accounts/types@npm:^0.30.0":
  version: 0.30.0
  resolution: "@accounts/types@npm:0.30.0"
  dependencies:
    tslib: 2.0.0
  checksum: ec5af71f74b6a5bab1c6d73b16c2d049f4b90c7e47f9b0bf85f7ef942f5ab52f07105578c2fa582d2633338bae57b1d00b07e6fd356b52f3284b6dd56e26bbeb
  languageName: node
  linkType: hard

"@types/node@npm:14.14.35":
  version: 14.14.35
  resolution: "@types/node@npm:14.14.35"
  checksum: 0f6320bf5370d1ff82105fb7f26aa0658499c97d3ec78561e65b65724280244f281602541182b63470d2c8a98db22fbb4f91409c5c7c97da8c3bb8f97fbc5dbc
  languageName: node
  linkType: hard

"accepts@npm:^1.3.5":
  version: 1.3.7
  resolution: "accepts@npm:1.3.7"
  dependencies:
    mime-types: ~2.1.24
    negotiator: 0.6.2
  checksum: 2686fa30dbc850db1bf458dc8171fba13c54ed6cb25f4298ec7c2f88b8dfc50351f25c40abe3a948e4ec7a0cc8ea83d1c55c2f73ffa612d18840a8778d4a2ee0
  languageName: node
  linkType: hard

"any-promise@npm:^1.1.0":
  version: 1.3.0
  resolution: "any-promise@npm:1.3.0"
  checksum: e829425e4aef532fb9063c638de4693feaf285dae8ba84bcabd9c6d49446264650d1e16b73af8a25ae1e4480f9a4dc7cae364b4c4d4753b57dd1900cdfab8183
  languageName: node
  linkType: hard

"cache-content-type@npm:^1.0.0":
  version: 1.0.1
  resolution: "cache-content-type@npm:1.0.1"
  dependencies:
    mime-types: ^2.1.18
    ylru: ^1.2.0
  checksum: 3afcece8c75fd15a74d96e8bd14d22d5387878c161672c8c7fbc7a89788698d32dc55334395feba309fd601580a410fe47860763ed78686b8b98889ea82ff670
  languageName: node
  linkType: hard

"co@npm:^4.6.0":
  version: 4.6.0
  resolution: "co@npm:4.6.0"
  checksum: 3f22dbbe0f413ff72831d087d853a81d1137093e12e8ec90b4da2bde5c67bc6bff11b6adeb38ca9fa8704b8cd40dba294948bda3c271bccb74669972b840cc1a
  languageName: node
  linkType: hard

"content-disposition@npm:~0.5.2":
  version: 0.5.3
  resolution: "content-disposition@npm:0.5.3"
  dependencies:
    safe-buffer: 5.1.2
  checksum: 8f1f235c0423be68023df7f5a3948601d859ce44ee94e1d0fa2a97383bd469e789320b6ddf6f31b3620605c75cf771522df11386f51aff401e5d51b6ccfde3e2
  languageName: node
  linkType: hard

"content-type@npm:^1.0.4":
  version: 1.0.4
  resolution: "content-type@npm:1.0.4"
  checksum: ff6e19cbf281c23d5608723a6dc60ac97e2280bd4d21602511283112321e6c1555895e395555e367672b54a0f1585276284b7c3c8be313aca73902ac2f2609fd
  languageName: node
  linkType: hard

"cookies@npm:~0.8.0":
  version: 0.8.0
  resolution: "cookies@npm:0.8.0"
  dependencies:
    depd: ~2.0.0
    keygrip: ~1.1.0
  checksum: c401e0f791e5413af5a5e88db85610fad49a58c91b393a917294562b17cc30626d3730591ba73ce27e93a977f9483272c188e35fcc4ade6d2576c4f74628a9c4
  languageName: node
  linkType: hard

"debug@npm:~3.1.0":
  version: 3.1.0
  resolution: "debug@npm:3.1.0"
  dependencies:
    ms: 2.0.0
  checksum: 1295acd5e0531761255661d325cd0a80ac8c5f6de8942a53bb23c2197ccb97526972de662ed0e5d9393be83f3428a298a6e7185ecb02f0da6282019cd2ffb4a8
  languageName: node
  linkType: hard

"deep-equal@npm:~1.0.1":
  version: 1.0.1
  resolution: "deep-equal@npm:1.0.1"
  checksum: 97d8558d19a1aeeadbed84d54cd2d3be792e968e1834aaaf1627f432371b1fb52bfe5bfd06bdbbdb7b53f827b0adf7dd78089d0430e923edebc724e4df7c3923
  languageName: node
  linkType: hard

"delegates@npm:^1.0.0":
  version: 1.0.0
  resolution: "delegates@npm:1.0.0"
  checksum: 7459e34d29cadd9bfd340728bfcc70ea96da5d940fb197298b523f805822680e583cba3ec34d36a18004325f1ec9de55e202a92b414d01db18cd87bb8a2ae5bd
  languageName: node
  linkType: hard

"depd@npm:^2.0.0, depd@npm:~2.0.0":
  version: 2.0.0
  resolution: "depd@npm:2.0.0"
  checksum: 20726d843f5ab5e933211fcb5a440a1a3986ef9d6f85d38cf1eae815ea3cc12fa4436bd35a38e21bdb391a021b57f2d97b9f856873852506acac1b07ac913ba4
  languageName: node
  linkType: hard

"depd@npm:~1.1.2":
  version: 1.1.2
  resolution: "depd@npm:1.1.2"
  checksum: f45566ff7019a346852f095768a380778ed544de24e103b479fd5d3e61982d670efbb5234c09d0588d7fdb09c26c48283d7150e4be5e6ce5d3d37cd268d75c4d
  languageName: node
  linkType: hard

"destroy@npm:^1.0.4":
  version: 1.0.4
  resolution: "destroy@npm:1.0.4"
  checksum: 5a516fc5a8a8089eecdac11da2339353542be7a71102dc5a1372ef6161501bf5c1ee59ff9f8a3f5f14cc8c88594d606f855f816d46a228ee5e0e5cb2b543534b
  languageName: node
  linkType: hard

"ee-first@npm:1.1.1":
  version: 1.1.1
  resolution: "ee-first@npm:1.1.1"
  checksum: ba74f91398e3ee3b6d665b2f0d13ad6530e89a7e64ec886a6eec0602fb8a5a274652960e21bd5d4b42fdeb9017d873ff872f50342d38779e955285977edb337c
  languageName: node
  linkType: hard

"encodeurl@npm:^1.0.2":
  version: 1.0.2
  resolution: "encodeurl@npm:1.0.2"
  checksum: 6ee5fcbcd245d2a2b6bd6fe36b80f91e31ab46e29192c50af00e8f860c0c2310ebbdaae40257878fdce90b42abcb3526895c7c3a2e229461ed1f0d0b5a020fc8
  languageName: node
  linkType: hard

"esbuild-node-externals@workspace:esbuild-node-externals":
  version: 0.0.0-use.local
  resolution: "esbuild-node-externals@workspace:esbuild-node-externals"
  dependencies:
    "@types/node": 14.14.35
    esbuild: ^0.9.0
    find-up: 5.0.0
    tslib: 2.1.0
    typescript: 4.2.3
  peerDependencies:
    esbuild: ^0.9.0
  languageName: unknown
  linkType: soft

"esbuild@npm:^0.9.0":
  version: 0.9.3
  resolution: "esbuild@npm:0.9.3"
  bin:
    esbuild: bin/esbuild
  checksum: df44126d955231e8866a84daacba477a71c7c96d9bbc016a3c8fdfa6d1bebc21ee381512df571a6c71f3e666e82339e2c8acf2d797c0445fc9e3f9e784786b75
  languageName: node
  linkType: hard

"escape-html@npm:^1.0.3":
  version: 1.0.3
  resolution: "escape-html@npm:1.0.3"
  checksum: 900a7f2b80b9f89c85b7a303d1b7a4d354b93e328871414f165f13c5c209a80eab787e3a63429e596877def69fe4dcb3d1b55af655207a901a9ec99f7f148743
  languageName: node
  linkType: hard

"example-basic@workspace:examples/basic":
  version: 0.0.0-use.local
  resolution: "example-basic@workspace:examples/basic"
  dependencies:
    "@accounts/rest-client": 0.30.0
    esbuild: ^0.9.0
    esbuild-node-externals: "workspace:esbuild-node-externals"
    koa: 2.13.1
  languageName: unknown
  linkType: soft

"find-up@npm:5.0.0":
  version: 5.0.0
  resolution: "find-up@npm:5.0.0"
  dependencies:
    locate-path: ^6.0.0
    path-exists: ^4.0.0
  checksum: cd0b77415bc59e5af31e4e1b29c6ff8d965d9ca3c60a4b74161f8f116c0d1ad8d35bc6e53bf8f92c69e704e98183f1628a363ed7d519eb28eff54378b8f167a7
  languageName: node
  linkType: hard

"fresh@npm:~0.5.2":
  version: 0.5.2
  resolution: "fresh@npm:0.5.2"
  checksum: 2f76c8505d1ea5a6d5accea3e7aff0b796bfa43364c84929254f33909fa08640948bd1728220d1ff5f4c2b378a65e97da647f2fe0f2b7ddb44001f6e0dc2e91f
  languageName: node
  linkType: hard

"http-assert@npm:^1.3.0":
  version: 1.4.1
  resolution: "http-assert@npm:1.4.1"
  dependencies:
    deep-equal: ~1.0.1
    http-errors: ~1.7.2
  checksum: bf6a90287f0803dbebdc7dbd4927461bafe4a50b600f0081570573291889cd4913c78c522cf40629e19c4705d4d34df9b3834c829c3be3410424ac669c6e9550
  languageName: node
  linkType: hard

"http-errors@npm:^1.6.3":
  version: 1.8.0
  resolution: "http-errors@npm:1.8.0"
  dependencies:
    depd: ~1.1.2
    inherits: 2.0.4
    setprototypeof: 1.2.0
    statuses: ">= 1.5.0 < 2"
    toidentifier: 1.0.0
  checksum: 95ad78508b2929923dac83edd7ce513db87c4214df83a6664559810566da73d9a6892ffdcd76738d9ab9d33172b4c7e304436a4031d471569a7344396fea0ecb
  languageName: node
  linkType: hard

"http-errors@npm:~1.7.2":
  version: 1.7.3
  resolution: "http-errors@npm:1.7.3"
  dependencies:
    depd: ~1.1.2
    inherits: 2.0.4
    setprototypeof: 1.1.1
    statuses: ">= 1.5.0 < 2"
    toidentifier: 1.0.0
  checksum: 563ae4a3f19c89029212922bade6ffcd0e4b7fa52e539f08c8f6941de7eaccb00bf76cb7692662192f2f0d567d4ac1f9d6a3d0ee70b166c8540cf791497f90ea
  languageName: node
  linkType: hard

"inherits@npm:2.0.4":
  version: 2.0.4
  resolution: "inherits@npm:2.0.4"
  checksum: 98426da247ddfc3dcd7d7daedd90c3ca32d5b08deca08949726f12d49232aef94772a07b36cf4ff833e105ae2ef931777f6de4a6dd8245a216b9299ad4a50bea
  languageName: node
  linkType: hard

"is-generator-function@npm:^1.0.7":
  version: 1.0.7
  resolution: "is-generator-function@npm:1.0.7"
  checksum: 6842c326097d94397bee53544b8d903dabf57a771e2bc36c1f4021106192b601b563372a1d34e921b10871740233a5f62d5d15adb3caf87665ab5932ccb8a83c
  languageName: node
  linkType: hard

"keygrip@npm:~1.1.0":
  version: 1.1.0
  resolution: "keygrip@npm:1.1.0"
  dependencies:
    tsscmp: 1.0.6
  checksum: 917fc9c6ad8528537534ae181f85a566bf74716f3e38e83ff858862ebad24f31f70781b875fbf5a34bba115433361d2dbdad94d4debf0ca6631c85b47a5f0e31
  languageName: node
  linkType: hard

"koa-compose@npm:^3.0.0":
  version: 3.2.1
  resolution: "koa-compose@npm:3.2.1"
  dependencies:
    any-promise: ^1.1.0
  checksum: 68f839a57c1cb8f9a0a42b86761ffb43a53d5f95bb9c56daa03895cc5553db88f7740fcbdefd6cf3db17f0f71a8a695b5b249752aef844d44dc0a738181cdf25
  languageName: node
  linkType: hard

"koa-compose@npm:^4.1.0":
  version: 4.1.0
  resolution: "koa-compose@npm:4.1.0"
  checksum: 53a9b90f2167c63483a36c254b49f63510de4bfed2a1f54389f2fa0e20d0824f2e92c677bb654fc40d6c03df01d414bf4c777ce23dd08e563fbe5b632938478b
  languageName: node
  linkType: hard

"koa-convert@npm:^1.2.0":
  version: 1.2.0
  resolution: "koa-convert@npm:1.2.0"
  dependencies:
    co: ^4.6.0
    koa-compose: ^3.0.0
  checksum: d74bafebae527ef5b26f9f7d66928ca9f62cabba2eb8cc8fff1742a5ed5de21a32ca9ddb0a63b0e6a3e3ae04163be95b3a0efdaed662303f921c655527e16955
  languageName: node
  linkType: hard

"koa@npm:2.13.1":
  version: 2.13.1
  resolution: "koa@npm:2.13.1"
  dependencies:
    accepts: ^1.3.5
    cache-content-type: ^1.0.0
    content-disposition: ~0.5.2
    content-type: ^1.0.4
    cookies: ~0.8.0
    debug: ~3.1.0
    delegates: ^1.0.0
    depd: ^2.0.0
    destroy: ^1.0.4
    encodeurl: ^1.0.2
    escape-html: ^1.0.3
    fresh: ~0.5.2
    http-assert: ^1.3.0
    http-errors: ^1.6.3
    is-generator-function: ^1.0.7
    koa-compose: ^4.1.0
    koa-convert: ^1.2.0
    on-finished: ^2.3.0
    only: ~0.0.2
    parseurl: ^1.3.2
    statuses: ^1.5.0
    type-is: ^1.6.16
    vary: ^1.1.2
  checksum: d7e5a6f483c2e5b40b14e063951687ac914bdeec8afc58a0e2cc75d5ab931fbf30753b9751932cd31a506abe5f3d4599b2c002ac5ac7a179b9d3304983470afd
  languageName: node
  linkType: hard

"locate-path@npm:^6.0.0":
  version: 6.0.0
  resolution: "locate-path@npm:6.0.0"
  dependencies:
    p-locate: ^5.0.0
  checksum: 4c379638152e0e5fda9a8cc07005702f81fcb9899db0f66d691ac1e64193dea670af14e96c50f14d82d45959daa4c400cb712c158cffe22ae265bfc1b1e3a221
  languageName: node
  linkType: hard

"lodash@npm:^4.17.15":
  version: 4.17.20
  resolution: "lodash@npm:4.17.20"
  checksum: c62101d2500c383b5f174a7e9e6fe8098149ddd6e9ccfa85f36d4789446195f5c4afd3cfba433026bcaf3da271256566b04a2bf2618e5a39f6e67f8c12030cb6
  languageName: node
  linkType: hard

"media-typer@npm:0.3.0":
  version: 0.3.0
  resolution: "media-typer@npm:0.3.0"
  checksum: be1c825782df7f38eebd451d778f6407bb15a59c8807a69e7f2ad74a25440e474536441c6bf583fdf2803ea23b866e91ff68f565cda297211dd89147758c8df3
  languageName: node
  linkType: hard

"mime-db@npm:1.44.0":
  version: 1.44.0
  resolution: "mime-db@npm:1.44.0"
  checksum: b4e3b2141418572fba9786f7e36324faef15e23032ad0871f56760cb304ee721ba4c8cc795d3c1cac69a2a8b94045c1d6b08c4a8d1ef6ba1226a3a5193915c57
  languageName: node
  linkType: hard

"mime-types@npm:^2.1.18, mime-types@npm:~2.1.24":
  version: 2.1.27
  resolution: "mime-types@npm:2.1.27"
  dependencies:
    mime-db: 1.44.0
  checksum: 51fe2f2c08c10ac7a2f67e2ce5de30f6500faa88d095418a1ab6e90e30960db7c682a8ecce60d3d4e293ac52c4700ca99399833db998ea9ec83d6f0503b70a94
  languageName: node
  linkType: hard

"ms@npm:2.0.0":
  version: 2.0.0
  resolution: "ms@npm:2.0.0"
  checksum: 1a230340cc7f322fbe916783d8c8d60455407c6b7fb7f901d6ee34eb272402302c5c7f070a97b8531245cbb4ca6a0a623f6a128d7e5a5440cefa2c669c0b35bb
  languageName: node
  linkType: hard

"negotiator@npm:0.6.2":
  version: 0.6.2
  resolution: "negotiator@npm:0.6.2"
  checksum: 4b230bd15f0862d16c54ce0243fcfcf835ad59c8e58c467b4504dd28c9868cff71ff485b02cc575dc69dca819b58a1fadc9fb28403f45721f38a8fffde007d54
  languageName: node
  linkType: hard

"on-finished@npm:^2.3.0":
  version: 2.3.0
  resolution: "on-finished@npm:2.3.0"
  dependencies:
    ee-first: 1.1.1
  checksum: 362e64608287d31ffd96a15fb9305a410b3e4d07c86f277fae907e38af46bc6f5ff948de90eabb81dc5632ca7f9a290085acc5410c378053dfa9860451d97ee5
  languageName: node
  linkType: hard

"only@npm:~0.0.2":
  version: 0.0.2
  resolution: "only@npm:0.0.2"
  checksum: d9bb82243af05b7fccab253ad83d2e0053c4de4a1a7669d83a3a0f98af198a55f0d98cf51ccb58e9a2b67212598865e224c135cefe301846a3d7d3188245ebdb
  languageName: node
  linkType: hard

"p-limit@npm:^3.0.2":
  version: 3.0.2
  resolution: "p-limit@npm:3.0.2"
  dependencies:
    p-try: ^2.0.0
  checksum: 1eb23d6ea77709212bf8d7a98d36c4e8b5276ec791bf74f460c012fadf4580d136f40efafa25d4892a9327102866eafc79b441eed7be339b0da59da416ced600
  languageName: node
  linkType: hard

"p-locate@npm:^5.0.0":
  version: 5.0.0
  resolution: "p-locate@npm:5.0.0"
  dependencies:
    p-limit: ^3.0.2
  checksum: a233d775c870e00c734adabd29f66f93824df076683c0d5a2dc16e5285b02d80c1bf3bab43b9881e4a5b16b37bb86f1922aebb094674703d30a4973041d5c0f6
  languageName: node
  linkType: hard

"p-try@npm:^2.0.0":
  version: 2.2.0
  resolution: "p-try@npm:2.2.0"
  checksum: 20983f3765466c1ab617ed153cb53b70ac5df828d854a3334d185e20b37f436e9096f12bc1b7fc96d8908dc927a3685172d3d89e755774f57b7103460c54dcc5
  languageName: node
  linkType: hard

"parseurl@npm:^1.3.2":
  version: 1.3.3
  resolution: "parseurl@npm:1.3.3"
  checksum: 52c9e86cb58e38b28f1a50a6354d16648974ab7a2b91b209f97102840471de8adf524427774af6d5bc482fb7c0a6af6ba08ab37de9a1a7ae389ebe074015914b
  languageName: node
  linkType: hard

"path-exists@npm:^4.0.0":
  version: 4.0.0
  resolution: "path-exists@npm:4.0.0"
  checksum: 6ab15000c5bea4f3e6e6b651983276e27ee42907ea29f5bd68f0d5c425c22f1664ab53c355099723f59b0bfd31aa52d29ea499e1843bf62543e045698f4c77b2
  languageName: node
  linkType: hard

"prettier@npm:2.2.1":
  version: 2.2.1
  resolution: "prettier@npm:2.2.1"
  bin:
    prettier: bin-prettier.js
  checksum: 92c6c9f4b87eba1f28466edee57dd18c80d00b858edda77d46d1950d20e6e302b68ee255fc91133ba931e63c4577b5ae30da194d9626a8f3c0177778b91bf056
  languageName: node
  linkType: hard

"root-workspace-0b6124@workspace:.":
  version: 0.0.0-use.local
  resolution: "root-workspace-0b6124@workspace:."
  dependencies:
    prettier: 2.2.1
  languageName: unknown
  linkType: soft

"safe-buffer@npm:5.1.2":
  version: 5.1.2
  resolution: "safe-buffer@npm:5.1.2"
  checksum: 2708587c1b5e70a5e420714ceb59f30f5791c6e831d39812125a008eca63a4ac18578abd020a0776ea497ff03b4543f2b2a223a7b9073bf2d6c7af9ec6829218
  languageName: node
  linkType: hard

"setprototypeof@npm:1.1.1":
  version: 1.1.1
  resolution: "setprototypeof@npm:1.1.1"
  checksum: 0efed4da5aec7535828ac07c3b560f0a54257a4a7d5390ffabe5530a083974aef577651507974215edb92a51efa142f22fb3242e24d630ba6adcbfc9e7f1ff2b
  languageName: node
  linkType: hard

"setprototypeof@npm:1.2.0":
  version: 1.2.0
  resolution: "setprototypeof@npm:1.2.0"
  checksum: 72691439857719aa33ec11ebc97960347f0f96e75c2fe65d0f2ca5c9c44fb1aa026e2ae528959624ed3ae3820fe06bfb1aded306402c5c941afd3dfdf47f79d0
  languageName: node
  linkType: hard

"statuses@npm:>= 1.5.0 < 2, statuses@npm:^1.5.0":
  version: 1.5.0
  resolution: "statuses@npm:1.5.0"
  checksum: 57735269bf231176a60deb80f6d60214cb4a87663b0937e79497afe9aebe2597f8377fd28893f4d1776205f18dd0b927774a26b72051411ac5108e9e2dfc77d2
  languageName: node
  linkType: hard

"toidentifier@npm:1.0.0":
  version: 1.0.0
  resolution: "toidentifier@npm:1.0.0"
  checksum: 95720e8a0f98f1525f50ccbecbc2a23f0a1b4e448de03819dbbeda03adf0d2010fe64525fbc9d549765242550d341bb891672e4ac0b2cac58613cdd742324255
  languageName: node
  linkType: hard

"tslib@npm:2.0.0":
  version: 2.0.0
  resolution: "tslib@npm:2.0.0"
  checksum: a7369a224f12e223fb42f2a720389601a24a1e1c96c55bf0d8d4b60c131e574c175ae23578b8d1bd3f4ec790c7e0a82b43733f022f866d48a23aeadd3910755d
  languageName: node
  linkType: hard

"tslib@npm:2.1.0":
  version: 2.1.0
  resolution: "tslib@npm:2.1.0"
  checksum: d8f5bdd067611651c6b846c2388f4dc8ba1f5af124e66105f5263d1ad56da17f4b8c6566887ca2f205c5a9758451871ceca87d5d06087af2dca1699c5e33db69
  languageName: node
  linkType: hard

"tsscmp@npm:1.0.6":
  version: 1.0.6
  resolution: "tsscmp@npm:1.0.6"
  checksum: 1a5b76eb37c1a331f7e0b99f6414fdb1d58dffbc95301931a00e8728bc9fcb15b676d8e5eb2aecf884f424e8c9a218af388492cffe106539ffc0f8d09d8ab7c1
  languageName: node
  linkType: hard

"type-is@npm:^1.6.16":
  version: 1.6.18
  resolution: "type-is@npm:1.6.18"
  dependencies:
    media-typer: 0.3.0
    mime-types: ~2.1.24
  checksum: 20a3514f1d835c979237995129d1f8c564325301e3a8f1c732bcbe1d7fa0ca1f65994e41a79e9030d79f31e5459bb9be5c377848fcb477cb3049a661b3713d74
  languageName: node
  linkType: hard

typescript@4.2.3:
  version: 4.2.3
  resolution: "typescript@npm:4.2.3"
  bin:
    tsc: bin/tsc
    tsserver: bin/tsserver
  checksum: 06e8470f317db6f5e2fce809b20eb84a67a7d8179057abff36e5427bd1b891bd08e54581ff81f0fa36aef9b6d1eb0f54eaf6e2643c6dbd4e37a0adcc41eed256
  languageName: node
  linkType: hard

"typescript@patch:typescript@4.2.3#builtin<compat/typescript>":
  version: 4.2.3
  resolution: "typescript@patch:typescript@npm%3A4.2.3#builtin<compat/typescript>::version=4.2.3&hash=5bf698"
  bin:
    tsc: bin/tsc
    tsserver: bin/tsserver
  checksum: 54b8cd7b27e4ab74e412017123b4aba63dc6ea284c197d8f19a7bf8e4f181c1576fd6e3aa4e840fdc2c6e4b769559932902c6b8db392a4ff3c1546dc115e5542
  languageName: node
  linkType: hard

"vary@npm:^1.1.2":
  version: 1.1.2
  resolution: "vary@npm:1.1.2"
  checksum: 591f059f727ac1ba0d97cb7767f8583a03fcbb07db7be2b7dce838ede520ec0e958a41cb19077054769077fdc49a9b9a2dc391c83426bfee89c054b8cc7404bf
  languageName: node
  linkType: hard

"ylru@npm:^1.2.0":
  version: 1.2.1
  resolution: "ylru@npm:1.2.1"
  checksum: ce002a8bb58b30a5bcc8bf44a6b04fbee9450f78c29b59380223945714f4c0e38cc7f68d5b1efa8bf6cd22766f23a47698c2fd020bbb63dc55f11d8385d7c34e
  languageName: node
  linkType: hard
